
Microsoft Visual Studio Solution File, Format Version 12.00
# Visual Studio 2012
Project("{FAE04EC0-301F-11D3-BF4B-00C04F79EFBC}") = "BufferCompareV2.0", "BufferCompareV2.0\BufferCompareV2.0.csproj", "{E0DE30CA-A627-4695-AF3F-DD293BA22384}"
EndProject
Global
	GlobalSection(SolutionConfigurationPlatforms) = preSolution
		Debug|Any CPU = Debug|Any CPU
		Release|Any CPU = Release|Any CPU
	EndGlobalSection
	GlobalSection(ProjectConfigurationPlatforms) = postSolution
		{E0DE30CA-A627-4695-AF3F-DD293BA22384}.Debug|Any CPU.ActiveCfg = Debug|Any CPU
		{E0DE30CA-A627-4695-AF3F-DD293BA22384}.Debug|Any CPU.Build.0 = Debug|Any CPU
		{E0DE30CA-A627-4695-AF3F-DD293BA22384}.Release|Any CPU.ActiveCfg = Release|Any CPU
		{E0DE30CA-A627-4695-AF3F-DD293BA22384}.Release|Any CPU.Build.0 = Release|Any CPU
	EndGlobalSection
	GlobalSection(SolutionProperties) = preSolution
		HideSolutionNode = FALSE
	EndGlobalSection
EndGlobal
